schema: '2.0'
stages:
  baumgartner_etl:
    cmd: python multitask/etl_baumgartner_suzuki.py data/baumgartner_suzuki/c8re00032h2.xlsx
      data/baumgartner_suzuki/ord
    deps:
    - path: data/baumgartner_suzuki/c8re00032h2.xlsx
      md5: 5dd468b3686c8495fd37c6aa6f2e114f
      size: 58908
    - path: multitask/etl_baumgartner_suzuki.py
      md5: aa1c3026ec15826ad23c38c26ab7c597
      size: 17501
    outs:
    - path: data/baumgartner_suzuki/ord/
      md5: 82ab5143f2c69df002c24d12f90ab832.dir
      size: 446426
      nfiles: 2
  suzuki_benchmark_training:
    cmd: python multitask/suzuki_benchmark_training.py baumgartner_suzuki-minlp1-optimization
      data/baumgartner_suzuki/emulator --split-catalyst --max-epochs 1000 --verbose
      1
    deps:
    - path: data/baumgartner_suzuki/baumgartner_suzuki-minlp1-optimization.pb
      md5: 1632b1c6ec653c486cc5e0f2deca87e2
      size: 270521
    - path: multitask/suzuki_benchmark_training.py
      md5: 4562b0d90e88b42ed697af3cc2983a9c
      size: 8369
    outs:
    - path: data/baumgartner_suzuki/emulator/
      md5: 636c56e71199a4a9cfb4339b4897a0c8.dir
      size: 167107
      nfiles: 6
  reizman_etl:
    cmd: python multitask/etl_reizman_suzuki.py data/reizman_suzuki/ data/reizman_suzuki/ord/
    deps:
    - path: data/reizman_suzuki/reizman_suzuki_case_1.csv
      md5: 752e9df6597ce23f37d2e1549a3aa05e
      size: 3239
    - path: data/reizman_suzuki/reizman_suzuki_case_2.csv
      md5: cb4d270e465e1b79995abe1526f1776d
      size: 3180
    - path: data/reizman_suzuki/reizman_suzuki_case_3.csv
      md5: d11e3036924270f2f01027e962c32aff
      size: 3273
    - path: data/reizman_suzuki/reizman_suzuki_case_4.csv
      md5: ebff787dfbcc0ac852994133f43182b1
      size: 3410
    - path: multitask/etl_reizman_suzuki.py
      md5: e850e67d19887793d686684ea2e87827
      size: 16677
    outs:
    - path: data/reizman_suzuki/ord/
      md5: e4d8a72cf6ed315163bc7ec442299418.dir
      size: 585221
      nfiles: 8
  baumgartner_suzuki_benchmark_training:
    cmd: python multitask/suzuki_benchmark_training.py baumgartner_suzuki data/baumgartner_suzuki/ord
      data/reizman_suzuki/ord data/baumgartner_suzuki/emulator figures/ --no-split-catalyst
      --max-epochs 1000 --verbose 0 --no-include-reactant-concentrations --no-print-warnings
    deps:
    - path: data/baumgartner_suzuki/ord/
      md5: 82ab5143f2c69df002c24d12f90ab832.dir
      size: 446426
      nfiles: 2
    - path: data/reizman_suzuki/ord
      md5: e4d8a72cf6ed315163bc7ec442299418.dir
      size: 585221
      nfiles: 8
    - path: multitask/suzuki_benchmark_training.py
      md5: f3ea696ce47833dac836f1d09b31df06
      size: 9440
    outs:
    - path: data/baumgartner_suzuki/emulator/
      md5: 992ee9aeda61abd1e372860924e22b5d.dir
      size: 135366
      nfiles: 6
    - path: figures/baumgartner_suzuki_parity_plot.png
      md5: be5e2167a7f5ddfa05108e630c314aa2
      size: 216657
  reizman_suzuki_benchmark_training@2:
    cmd: python multitask/suzuki_benchmark_training.py reizman_suzuki_case_2 data/baumgartner_suzuki/ord
      data/reizman_suzuki/ord data/reizman_suzuki/emulator_case_2/ figures/ --no-split-catalyst
      --max-epochs 1000 --verbose 0 --no-print-warnings
    deps:
    - path: data/baumgartner_suzuki/ord/
      md5: 82ab5143f2c69df002c24d12f90ab832.dir
      size: 446426
      nfiles: 2
    - path: data/reizman_suzuki/ord
      md5: e4d8a72cf6ed315163bc7ec442299418.dir
      size: 585221
      nfiles: 8
    - path: multitask/suzuki_benchmark_training.py
      md5: f3ea696ce47833dac836f1d09b31df06
      size: 9440
    outs:
    - path: data/reizman_suzuki/emulator_case_2/
      md5: 2dfbed559aea888bb73e089164c38b71.dir
      size: 135365
      nfiles: 6
    - path: figures/reizman_suzuki_case_2_parity_plot.png
      md5: 2ea82e7b7b59baf20cd323881a4f0de3
      size: 167750
  reizman_suzuki_benchmark_training@1:
    cmd: python multitask/suzuki_benchmark_training.py reizman_suzuki_case_1 data/baumgartner_suzuki/ord
      data/reizman_suzuki/ord data/reizman_suzuki/emulator_case_1/ figures/ --no-split-catalyst
      --max-epochs 1000 --verbose 0 --no-print-warnings
    deps:
    - path: data/baumgartner_suzuki/ord/
      md5: 82ab5143f2c69df002c24d12f90ab832.dir
      size: 446426
      nfiles: 2
    - path: data/reizman_suzuki/ord
      md5: e4d8a72cf6ed315163bc7ec442299418.dir
      size: 585221
      nfiles: 8
    - path: multitask/suzuki_benchmark_training.py
      md5: f3ea696ce47833dac836f1d09b31df06
      size: 9440
    outs:
    - path: data/reizman_suzuki/emulator_case_1/
      md5: e5120177b4b67848c14afec2c1ca5410.dir
      size: 135359
      nfiles: 6
    - path: figures/reizman_suzuki_case_1_parity_plot.png
      md5: 2efff3de72984518ba5ef9b555ff49a4
      size: 189333
  reizman_suzuki_benchmark_training@3:
    cmd: python multitask/suzuki_benchmark_training.py reizman_suzuki_case_3 data/baumgartner_suzuki/ord
      data/reizman_suzuki/ord data/reizman_suzuki/emulator_case_3/ figures/ --no-split-catalyst
      --max-epochs 1000 --verbose 0 --no-print-warnings
    deps:
    - path: data/baumgartner_suzuki/ord/
      md5: 82ab5143f2c69df002c24d12f90ab832.dir
      size: 446426
      nfiles: 2
    - path: data/reizman_suzuki/ord
      md5: e4d8a72cf6ed315163bc7ec442299418.dir
      size: 585221
      nfiles: 8
    - path: multitask/suzuki_benchmark_training.py
      md5: f3ea696ce47833dac836f1d09b31df06
      size: 9440
    outs:
    - path: data/reizman_suzuki/emulator_case_3/
      md5: 2ee29363354f0b1e4d6ec008382c86a6.dir
      size: 135356
      nfiles: 6
    - path: figures/reizman_suzuki_case_3_parity_plot.png
      md5: 96d02b905387af6057f6feda6ba7c7f7
      size: 183904
  reizman_suzuki_benchmark_training@4:
    cmd: python multitask/suzuki_benchmark_training.py reizman_suzuki_case_4 data/baumgartner_suzuki/ord
      data/reizman_suzuki/ord data/reizman_suzuki/emulator_case_4/ figures/ --no-split-catalyst
      --max-epochs 1000 --verbose 0 --no-print-warnings
    deps:
    - path: data/baumgartner_suzuki/ord/
      md5: 82ab5143f2c69df002c24d12f90ab832.dir
      size: 446426
      nfiles: 2
    - path: data/reizman_suzuki/ord
      md5: e4d8a72cf6ed315163bc7ec442299418.dir
      size: 585221
      nfiles: 8
    - path: multitask/suzuki_benchmark_training.py
      md5: f3ea696ce47833dac836f1d09b31df06
      size: 9440
    outs:
    - path: data/reizman_suzuki/emulator_case_4/
      md5: 5c4d40f4f4f202aad6de880564200356.dir
      size: 135357
      nfiles: 6
    - path: figures/reizman_suzuki_case_4_parity_plot.png
      md5: 00a24ef72ddc5bf38f1da15e3f5cc005
      size: 190786
