schema: '2.0'
stages:
  baumgartner_etl:
    cmd: python multitask/etl_baumgartner_suzuki.py data/baumgartner_suzuki/c8re00032h2.xlsx
      data/baumgartner_suzuki/ord
    deps:
    - path: data/baumgartner_suzuki/c8re00032h2.xlsx
      md5: 5dd468b3686c8495fd37c6aa6f2e114f
      size: 58908
    - path: multitask/etl_baumgartner_suzuki.py
      md5: aa1c3026ec15826ad23c38c26ab7c597
      size: 17501
    outs:
    - path: data/baumgartner_suzuki/ord/
      md5: 82ab5143f2c69df002c24d12f90ab832.dir
      size: 446426
      nfiles: 2
  suzuki_benchmark_training:
    cmd: python multitask/suzuki_benchmark_training.py baumgartner_suzuki-minlp1-optimization
      data/baumgartner_suzuki/emulator --split-catalyst --max-epochs 1000 --verbose
      1
    deps:
    - path: data/baumgartner_suzuki/baumgartner_suzuki-minlp1-optimization.pb
      md5: 1632b1c6ec653c486cc5e0f2deca87e2
      size: 270521
    - path: multitask/suzuki_benchmark_training.py
      md5: 4562b0d90e88b42ed697af3cc2983a9c
      size: 8369
    outs:
    - path: data/baumgartner_suzuki/emulator/
      md5: 636c56e71199a4a9cfb4339b4897a0c8.dir
      size: 167107
      nfiles: 6
  reizman_etl:
    cmd: python multitask/etl_reizman_suzuki.py data/reizman_suzuki/ data/reizman_suzuki/ord/
    deps:
    - path: data/reizman_suzuki/reizman_suzuki_case_1.csv
      md5: 752e9df6597ce23f37d2e1549a3aa05e
      size: 3239
    - path: data/reizman_suzuki/reizman_suzuki_case_2.csv
      md5: cb4d270e465e1b79995abe1526f1776d
      size: 3180
    - path: data/reizman_suzuki/reizman_suzuki_case_3.csv
      md5: d11e3036924270f2f01027e962c32aff
      size: 3273
    - path: data/reizman_suzuki/reizman_suzuki_case_4.csv
      md5: ebff787dfbcc0ac852994133f43182b1
      size: 3410
    - path: multitask/etl_reizman_suzuki.py
      md5: e850e67d19887793d686684ea2e87827
      size: 16677
    outs:
    - path: data/reizman_suzuki/ord/
      md5: e4d8a72cf6ed315163bc7ec442299418.dir
      size: 585221
      nfiles: 8
  baumgartner_suzuki_benchmark_training:
    cmd: python multitask/suzuki_benchmark_training.py baumgartner_suzuki data/baumgartner_suzuki/ord
      data/reizman_suzuki/ord data/baumgartner_suzuki/emulator figures/ --split-catalyst
      --max-epochs 1000 --verbose 0 --no-print-warnings
    deps:
    - path: data/baumgartner_suzuki/ord/
      md5: 82ab5143f2c69df002c24d12f90ab832.dir
      size: 446426
      nfiles: 2
    - path: data/reizman_suzuki/ord
      md5: e4d8a72cf6ed315163bc7ec442299418.dir
      size: 585221
      nfiles: 8
    - path: multitask/suzuki_benchmark_training.py
      md5: 01bdec2eb6b21c121f02a488895841bd
      size: 8945
    outs:
    - path: data/baumgartner_suzuki/emulator/
      md5: 91ca2ec80f524aa49361969447b3953b.dir
      size: 167109
      nfiles: 6
    - path: figures/baumgartner_suzuki_parity_plot.png
      md5: b91c51a9209b299b3cdeee660327f019
      size: 218668
  reizman_suzuki_benchmark_training@2:
    cmd: python multitask/suzuki_benchmark_training.py reizman_suzuki_case_2 data/baumgartner_suzuki/ord
      data/reizman_suzuki/ord data/reizman_suzuki/emulator_case_2/ figures/ --split-catalyst
      --max-epochs 1000 --verbose 0 --no-print-warnings
    deps:
    - path: data/baumgartner_suzuki/ord/
      md5: 82ab5143f2c69df002c24d12f90ab832.dir
      size: 446426
      nfiles: 2
    - path: data/reizman_suzuki/ord
      md5: e4d8a72cf6ed315163bc7ec442299418.dir
      size: 585221
      nfiles: 8
    - path: multitask/suzuki_benchmark_training.py
      md5: 01bdec2eb6b21c121f02a488895841bd
      size: 8945
    outs:
    - path: data/reizman_suzuki/emulator_case_2/
      md5: 636e684d801bd418512d7117bdb9250c.dir
      size: 167113
      nfiles: 6
    - path: figures/reizman_suzuki_case_2_parity_plot.png
      md5: b3807263a667563ed9aad769697105dd
      size: 164349
  reizman_suzuki_benchmark_training@1:
    cmd: python multitask/suzuki_benchmark_training.py reizman_suzuki_case_1 data/baumgartner_suzuki/ord
      data/reizman_suzuki/ord data/reizman_suzuki/emulator_case_1/ figures/ --split-catalyst
      --max-epochs 1000 --verbose 0 --no-print-warnings
    deps:
    - path: data/baumgartner_suzuki/ord/
      md5: 82ab5143f2c69df002c24d12f90ab832.dir
      size: 446426
      nfiles: 2
    - path: data/reizman_suzuki/ord
      md5: e4d8a72cf6ed315163bc7ec442299418.dir
      size: 585221
      nfiles: 8
    - path: multitask/suzuki_benchmark_training.py
      md5: 01bdec2eb6b21c121f02a488895841bd
      size: 8945
    outs:
    - path: data/reizman_suzuki/emulator_case_1/
      md5: a773295ad9c95bb3706bf4fbd25f501f.dir
      size: 167101
      nfiles: 6
    - path: figures/reizman_suzuki_case_1_parity_plot.png
      md5: 7c92c546ae02fe918dc0850a20ec0d8e
      size: 192552
  reizman_suzuki_benchmark_training@3:
    cmd: python multitask/suzuki_benchmark_training.py reizman_suzuki_case_3 data/baumgartner_suzuki/ord
      data/reizman_suzuki/ord data/reizman_suzuki/emulator_case_3/ figures/ --split-catalyst
      --max-epochs 1000 --verbose 0 --no-print-warnings
    deps:
    - path: data/baumgartner_suzuki/ord/
      md5: 82ab5143f2c69df002c24d12f90ab832.dir
      size: 446426
      nfiles: 2
    - path: data/reizman_suzuki/ord
      md5: e4d8a72cf6ed315163bc7ec442299418.dir
      size: 585221
      nfiles: 8
    - path: multitask/suzuki_benchmark_training.py
      md5: 01bdec2eb6b21c121f02a488895841bd
      size: 8945
    outs:
    - path: data/reizman_suzuki/emulator_case_3/
      md5: a6bcca1e016c6a105613ebb3b56cde07.dir
      size: 167101
      nfiles: 6
    - path: figures/reizman_suzuki_case_3_parity_plot.png
      md5: f776a485bebda5f791c41fb916b9077c
      size: 193120
  reizman_suzuki_benchmark_training@4:
    cmd: python multitask/suzuki_benchmark_training.py reizman_suzuki_case_4 data/baumgartner_suzuki/ord
      data/reizman_suzuki/ord data/reizman_suzuki/emulator_case_4/ figures/ --split-catalyst
      --max-epochs 1000 --verbose 0 --no-print-warnings
    deps:
    - path: data/baumgartner_suzuki/ord/
      md5: 82ab5143f2c69df002c24d12f90ab832.dir
      size: 446426
      nfiles: 2
    - path: data/reizman_suzuki/ord
      md5: e4d8a72cf6ed315163bc7ec442299418.dir
      size: 585221
      nfiles: 8
    - path: multitask/suzuki_benchmark_training.py
      md5: 01bdec2eb6b21c121f02a488895841bd
      size: 8945
    outs:
    - path: data/reizman_suzuki/emulator_case_4/
      md5: 353fcbafc69166a0b858c7392865a73e.dir
      size: 167101
      nfiles: 6
    - path: figures/reizman_suzuki_case_4_parity_plot.png
      md5: f6d39bc83a68e54edc9289862ef34874
      size: 193944
