schema: '2.0'
stages:
  baumgartner_etl:
    cmd: python multitask/etl_baumgartner_suzuki.py data/baumgartner_suzuki/c8re00032h2.xlsx
      data/baumgartner_suzuki/ord
    deps:
    - path: data/baumgartner_suzuki/c8re00032h2.xlsx
      md5: 5dd468b3686c8495fd37c6aa6f2e114f
      size: 58908
    - path: multitask/etl_baumgartner_suzuki.py
      md5: aa1c3026ec15826ad23c38c26ab7c597
      size: 17501
    outs:
    - path: data/baumgartner_suzuki/ord/
      md5: 82ab5143f2c69df002c24d12f90ab832.dir
      size: 446426
      nfiles: 2
  suzuki_benchmark_training:
    cmd: python multitask/suzuki_benchmark_training.py baumgartner_suzuki-minlp1-optimization
      data/baumgartner_suzuki/emulator --split-catalyst --max-epochs 1000 --verbose
      1
    deps:
    - path: data/baumgartner_suzuki/baumgartner_suzuki-minlp1-optimization.pb
      md5: 1632b1c6ec653c486cc5e0f2deca87e2
      size: 270521
    - path: multitask/suzuki_benchmark_training.py
      md5: 4562b0d90e88b42ed697af3cc2983a9c
      size: 8369
    outs:
    - path: data/baumgartner_suzuki/emulator/
      md5: 636c56e71199a4a9cfb4339b4897a0c8.dir
      size: 167107
      nfiles: 6
  reizman_etl:
    cmd: python multitask/etl_reizman_suzuki.py data/reizman_suzuki/ data/reizman_suzuki/ord/
    deps:
    - path: data/reizman_suzuki/reizman_suzuki_case_1.csv
      md5: 752e9df6597ce23f37d2e1549a3aa05e
      size: 3239
    - path: data/reizman_suzuki/reizman_suzuki_case_2.csv
      md5: cb4d270e465e1b79995abe1526f1776d
      size: 3180
    - path: data/reizman_suzuki/reizman_suzuki_case_3.csv
      md5: d11e3036924270f2f01027e962c32aff
      size: 3273
    - path: data/reizman_suzuki/reizman_suzuki_case_4.csv
      md5: ebff787dfbcc0ac852994133f43182b1
      size: 3410
    - path: multitask/etl_reizman_suzuki.py
      md5: e850e67d19887793d686684ea2e87827
      size: 16677
    outs:
    - path: data/reizman_suzuki/ord/
      md5: e4d8a72cf6ed315163bc7ec442299418.dir
      size: 585221
      nfiles: 8
  baumgartner_suzuki_benchmark_training:
    cmd: python multitask/suzuki_benchmark_training.py data/baumgartner_suzuki/ord/baumgartner_suzuki.pb
      data/baumgartner_suzuki/emulator figures/ --no-split-catalyst --max-epochs 1
      --cv-folds 5 --verbose 0 --no-include-reactant-concentrations --no-print-warnings
    deps:
    - path: data/baumgartner_suzuki/ord/
      md5: 82ab5143f2c69df002c24d12f90ab832.dir
      size: 446426
      nfiles: 2
    - path: multitask/suzuki_benchmark_training.py
      md5: 2322347bbf69a3cf1d9f382d0c5af0ef
      size: 5233
    - path: multitask/suzuki_data_utils.py
      md5: 4a455509eb2a5595fc1df69c27bea77b
      size: 5698
    - path: multitask/suzuki_emulator.py
      md5: 7e823e1e9e8e7ddd620c2abc6a4296fc
      size: 2245
    outs:
    - path: data/baumgartner_suzuki/emulator/
      md5: fd574ead62d496661219bd933a60dc8e.dir
      size: 156815
      nfiles: 6
    - path: figures/baumgartner_suzuki_parity_plot.png
      md5: 5129c6847773547fed80c8a6c2020779
      size: 179488
  reizman_suzuki_benchmark_training@2:
    cmd: python multitask/suzuki_benchmark_training.py data/reizman_suzuki/ord/reizman_suzuki_case_2.pb
      data/reizman_suzuki/emulator_case_2/ figures/ --no-split-catalyst --max-epochs
      1 --cv-folds 5 --verbose 0 --no-print-warnings
    deps:
    - path: data/reizman_suzuki/ord
      md5: e4d8a72cf6ed315163bc7ec442299418.dir
      size: 585221
      nfiles: 8
    - path: multitask/suzuki_benchmark_training.py
      md5: 2322347bbf69a3cf1d9f382d0c5af0ef
      size: 5233
    - path: multitask/suzuki_data_utils.py
      md5: 4a455509eb2a5595fc1df69c27bea77b
      size: 5698
    - path: multitask/suzuki_emulator.py
      md5: 7e823e1e9e8e7ddd620c2abc6a4296fc
      size: 2245
    outs:
    - path: data/reizman_suzuki/emulator_case_2/
      md5: 3afe30ff21efd053753752b364422ad0.dir
      size: 156802
      nfiles: 6
    - path: figures/reizman_suzuki_case_2_parity_plot.png
      md5: 15c77c1162f10cac578f4179879336a1
      size: 153119
  reizman_suzuki_benchmark_training@1:
    cmd: python multitask/suzuki_benchmark_training.py data/reizman_suzuki/ord/reizman_suzuki_case_1.pb
      data/reizman_suzuki/emulator_case_1/ figures/ --no-split-catalyst --max-epochs
      1 --cv-folds 5 --verbose 0 --no-print-warnings
    deps:
    - path: data/reizman_suzuki/ord
      md5: e4d8a72cf6ed315163bc7ec442299418.dir
      size: 585221
      nfiles: 8
    - path: multitask/suzuki_benchmark_training.py
      md5: 2322347bbf69a3cf1d9f382d0c5af0ef
      size: 5233
    - path: multitask/suzuki_data_utils.py
      md5: 4a455509eb2a5595fc1df69c27bea77b
      size: 5698
    - path: multitask/suzuki_emulator.py
      md5: 7e823e1e9e8e7ddd620c2abc6a4296fc
      size: 2245
    outs:
    - path: data/reizman_suzuki/emulator_case_1/
      md5: 7b00debf5cad42059b6b6b014064da00.dir
      size: 156788
      nfiles: 6
    - path: figures/reizman_suzuki_case_1_parity_plot.png
      md5: 154ff2638091318cf98871f3a0b8a0e6
      size: 154327
  reizman_suzuki_benchmark_training@3:
    cmd: python multitask/suzuki_benchmark_training.py data/reizman_suzuki/ord/reizman_suzuki_case_3.pb
      data/reizman_suzuki/emulator_case_3/ figures/ --no-split-catalyst --max-epochs
      1 --cv-folds 5 --verbose 0 --no-print-warnings
    deps:
    - path: data/reizman_suzuki/ord
      md5: e4d8a72cf6ed315163bc7ec442299418.dir
      size: 585221
      nfiles: 8
    - path: multitask/suzuki_benchmark_training.py
      md5: 2322347bbf69a3cf1d9f382d0c5af0ef
      size: 5233
    - path: multitask/suzuki_data_utils.py
      md5: 4a455509eb2a5595fc1df69c27bea77b
      size: 5698
    - path: multitask/suzuki_emulator.py
      md5: 7e823e1e9e8e7ddd620c2abc6a4296fc
      size: 2245
    outs:
    - path: data/reizman_suzuki/emulator_case_3/
      md5: 0869d0257c0319e9c2d8dcfe738b8be7.dir
      size: 156802
      nfiles: 6
    - path: figures/reizman_suzuki_case_3_parity_plot.png
      md5: 81d3f5ace8d78efbcc24c8cec2933f98
      size: 154362
  reizman_suzuki_benchmark_training@4:
    cmd: python multitask/suzuki_benchmark_training.py data/reizman_suzuki/ord/reizman_suzuki_case_4.pb
      data/reizman_suzuki/emulator_case_4/ figures/ --no-split-catalyst --max-epochs
      1 --cv-folds 5 --verbose 0 --no-print-warnings
    deps:
    - path: data/reizman_suzuki/ord
      md5: e4d8a72cf6ed315163bc7ec442299418.dir
      size: 585221
      nfiles: 8
    - path: multitask/suzuki_benchmark_training.py
      md5: 2322347bbf69a3cf1d9f382d0c5af0ef
      size: 5233
    - path: multitask/suzuki_data_utils.py
      md5: 4a455509eb2a5595fc1df69c27bea77b
      size: 5698
    - path: multitask/suzuki_emulator.py
      md5: 7e823e1e9e8e7ddd620c2abc6a4296fc
      size: 2245
    outs:
    - path: data/reizman_suzuki/emulator_case_4/
      md5: 639c13b7819dfde2fb1fe20b7909de87.dir
      size: 156796
      nfiles: 6
    - path: figures/reizman_suzuki_case_4_parity_plot.png
      md5: c8dbc91c7ba82f70a2b3abaf06f9e989
      size: 165254
  suzuki_stbo_reizman@2:
    cmd: python multitask/suzuki_optimization.py stbo reizman_suzuki_case_2 data/reizman_suzuki/emulator_case_2
      data/reizman_suzuki/results_stbo_case_2/ --max-experiments 20 --batch-size 1
      --repeats 20
    deps:
    - path: data/reizman_suzuki/emulator_case_2
      md5: 3afe30ff21efd053753752b364422ad0.dir
      size: 156802
      nfiles: 6
    - path: multitask/suzuki_data_utils.py
      md5: 4a455509eb2a5595fc1df69c27bea77b
      size: 5698
    - path: multitask/suzuki_emulator.py
      md5: 7e823e1e9e8e7ddd620c2abc6a4296fc
      size: 2245
    - path: multitask/suzuki_optimization.py
      md5: e4c1ca7dcc1b475c3175d4d8d2215d43
      size: 3578
    outs:
    - path: data/reizman_suzuki/results_stbo_case_2/
      md5: 1c984f62712caa1d3b32e31919aa8e30.dir
      size: 251993
      nfiles: 20
  suzuki_stbo_reizman@4:
    cmd: python multitask/suzuki_optimization.py stbo reizman_suzuki_case_4 data/reizman_suzuki/emulator_case_4
      data/reizman_suzuki/results_stbo_case_4/ --max-experiments 20 --batch-size 1
      --repeats 20
    deps:
    - path: data/reizman_suzuki/emulator_case_4
      md5: 639c13b7819dfde2fb1fe20b7909de87.dir
      size: 156796
      nfiles: 6
    - path: multitask/suzuki_data_utils.py
      md5: 4a455509eb2a5595fc1df69c27bea77b
      size: 5698
    - path: multitask/suzuki_emulator.py
      md5: 7e823e1e9e8e7ddd620c2abc6a4296fc
      size: 2245
    - path: multitask/suzuki_optimization.py
      md5: e4c1ca7dcc1b475c3175d4d8d2215d43
      size: 3578
    outs:
    - path: data/reizman_suzuki/results_stbo_case_4/
      md5: 87a07e9fe6797c7fc0f1f3945c597fb7.dir
      size: 250718
      nfiles: 20
  suzuki_stbo_reizman@3:
    cmd: python multitask/suzuki_optimization.py stbo reizman_suzuki_case_3 data/reizman_suzuki/emulator_case_3
      data/reizman_suzuki/results_stbo_case_3/ --max-experiments 20 --batch-size 1
      --repeats 20
    deps:
    - path: data/reizman_suzuki/emulator_case_3
      md5: 0869d0257c0319e9c2d8dcfe738b8be7.dir
      size: 156802
      nfiles: 6
    - path: multitask/suzuki_data_utils.py
      md5: 4a455509eb2a5595fc1df69c27bea77b
      size: 5698
    - path: multitask/suzuki_emulator.py
      md5: 7e823e1e9e8e7ddd620c2abc6a4296fc
      size: 2245
    - path: multitask/suzuki_optimization.py
      md5: e4c1ca7dcc1b475c3175d4d8d2215d43
      size: 3578
    outs:
    - path: data/reizman_suzuki/results_stbo_case_3/
      md5: 89b19c16b8918a83c4fa4b4db2c996f0.dir
      size: 250246
      nfiles: 20
  suzuki_stbo_reizman@1:
    cmd: python multitask/suzuki_optimization.py stbo reizman_suzuki_case_1 data/reizman_suzuki/emulator_case_1
      data/reizman_suzuki/results_stbo_case_1/ --max-experiments 20 --batch-size 1
      --repeats 20
    deps:
    - path: data/reizman_suzuki/emulator_case_1
      md5: 7b00debf5cad42059b6b6b014064da00.dir
      size: 156788
      nfiles: 6
    - path: multitask/suzuki_data_utils.py
      md5: 4a455509eb2a5595fc1df69c27bea77b
      size: 5698
    - path: multitask/suzuki_emulator.py
      md5: 7e823e1e9e8e7ddd620c2abc6a4296fc
      size: 2245
    - path: multitask/suzuki_optimization.py
      md5: e4c1ca7dcc1b475c3175d4d8d2215d43
      size: 3578
    outs:
    - path: data/reizman_suzuki/results_stbo_case_1/
      md5: ade9935db95e591ec9a34878e78dd416.dir
      size: 250414
      nfiles: 20
